
Microsoft Visual Studio Solution File, Format Version 12.00
# Visual Studio Version 17
VisualStudioVersion = 17.6.33815.320
MinimumVisualStudioVersion = 10.0.40219.1
Project("{9A19103F-16F7-4668-BE54-9A1E7A4F7556}") = "WebApi", "WebApi\WebApi.csproj", "{9BF893BA-493C-4554-8775-D92F425B1048}"
EndProject
Project("{FAE04EC0-301F-11D3-BF4B-00C04F79EFBC}") = "WebApp", "WebApp\WebApp.csproj", "{944E1FF5-727E-4623-AC04-3BC9F08DDA21}"
EndProject
Global
	GlobalSection(SolutionConfigurationPlatforms) = preSolution
		Debug|Any CPU = Debug|Any CPU
		Release|Any CPU = Release|Any CPU
	EndGlobalSection
	GlobalSection(ProjectConfigurationPlatforms) = postSolution
		{9BF893BA-493C-4554-8775-D92F425B1048}.Debug|Any CPU.ActiveCfg = Debug|Any CPU
		{9BF893BA-493C-4554-8775-D92F425B1048}.Debug|Any CPU.Build.0 = Debug|Any CPU
		{9BF893BA-493C-4554-8775-D92F425B1048}.Release|Any CPU.ActiveCfg = Release|Any CPU
		{9BF893BA-493C-4554-8775-D92F425B1048}.Release|Any CPU.Build.0 = Release|Any CPU
		{944E1FF5-727E-4623-AC04-3BC9F08DDA21}.Debug|Any CPU.ActiveCfg = Debug|Any CPU
		{944E1FF5-727E-4623-AC04-3BC9F08DDA21}.Debug|Any CPU.Build.0 = Debug|Any CPU
		{944E1FF5-727E-4623-AC04-3BC9F08DDA21}.Release|Any CPU.ActiveCfg = Release|Any CPU
		{944E1FF5-727E-4623-AC04-3BC9F08DDA21}.Release|Any CPU.Build.0 = Release|Any CPU
	EndGlobalSection
	GlobalSection(SolutionProperties) = preSolution
		HideSolutionNode = FALSE
	EndGlobalSection
	GlobalSection(ExtensibilityGlobals) = postSolution
		SolutionGuid = {C66F64C4-04A5-43D4-BEA7-242FF7F34C82}
	EndGlobalSection
EndGlobal
